
Microsoft Visual Studio Solution File, Format Version 12.00
# Visual Studio 15
VisualStudioVersion = 15.0.26730.15
MinimumVisualStudioVersion = 10.0.40219.1
Project("{FAE04EC0-301F-11D3-BF4B-00C04F79EFBC}") = "ProductTypeServices", "ProductTypeServices\ProductTypeServices.csproj", "{434909E3-EF9D-4F9B-B141-2866816DC6BC}"
EndProject
Project("{FAE04EC0-301F-11D3-BF4B-00C04F79EFBC}") = "ProductDataLibrary", "ProductDataLibrary\ProductDataLibrary.csproj", "{52EECB4B-228E-4A23-8730-0577F7320BBE}"
EndProject
Global
	GlobalSection(SolutionConfigurationPlatforms) = preSolution
		Debug|Any CPU = Debug|Any CPU
		Release|Any CPU = Release|Any CPU
	EndGlobalSection
	GlobalSection(ProjectConfigurationPlatforms) = postSolution
		{434909E3-EF9D-4F9B-B141-2866816DC6BC}.Debug|Any CPU.ActiveCfg = Debug|Any CPU
		{434909E3-EF9D-4F9B-B141-2866816DC6BC}.Debug|Any CPU.Build.0 = Debug|Any CPU
		{434909E3-EF9D-4F9B-B141-2866816DC6BC}.Release|Any CPU.ActiveCfg = Release|Any CPU
		{434909E3-EF9D-4F9B-B141-2866816DC6BC}.Release|Any CPU.Build.0 = Release|Any CPU
		{52EECB4B-228E-4A23-8730-0577F7320BBE}.Debug|Any CPU.ActiveCfg = Debug|Any CPU
		{52EECB4B-228E-4A23-8730-0577F7320BBE}.Debug|Any CPU.Build.0 = Debug|Any CPU
		{52EECB4B-228E-4A23-8730-0577F7320BBE}.Release|Any CPU.ActiveCfg = Release|Any CPU
		{52EECB4B-228E-4A23-8730-0577F7320BBE}.Release|Any CPU.Build.0 = Release|Any CPU
	EndGlobalSection
	GlobalSection(SolutionProperties) = preSolution
		HideSolutionNode = FALSE
	EndGlobalSection
	GlobalSection(ExtensibilityGlobals) = postSolution
		SolutionGuid = {A8F01323-E8C0-4A23-B815-6F3AD9BB0116}
	EndGlobalSection
EndGlobal
